
Microsoft Visual Studio Solution File, Format Version 12.00
# Visual Studio 15
VisualStudioVersion = 15.0.26403.3
MinimumVisualStudioVersion = 10.0.40219.1
Project("{2150E333-8FDC-42A3-9474-1A3956D46DE8}") = "01.UserInterfaces", "01.UserInterfaces", "{0FD03943-7BE1-458A-952D-231BE332C446}"
	ProjectSection(SolutionItems) = preProject
		01.ReadMe = 01.ReadMe
	EndProjectSection
EndProject
Project("{2150E333-8FDC-42A3-9474-1A3956D46DE8}") = "02.HostedService", "02.HostedService", "{ED93A27B-039E-4803-B7FF-47C81007D126}"
	ProjectSection(SolutionItems) = preProject
		02.ReadMe = 02.ReadMe
	EndProjectSection
EndProject
Project("{2150E333-8FDC-42A3-9474-1A3956D46DE8}") = "04.Domain", "04.Domain", "{689385D3-D492-40A3-BF49-FAC3BC0476D5}"
	ProjectSection(SolutionItems) = preProject
		04.ReadMe = 04.ReadMe
	EndProjectSection
EndProject
Project("{2150E333-8FDC-42A3-9474-1A3956D46DE8}") = "05.Infrastructure", "05.Infrastructure", "{FDB0899D-777A-4BF6-BF93-CD1B594F42BF}"
	ProjectSection(SolutionItems) = preProject
		05.ReadMe = 05.ReadMe
	EndProjectSection
EndProject
Project("{2150E333-8FDC-42A3-9474-1A3956D46DE8}") = "07.Tests", "07.Tests", "{DAB99472-4C88-4D92-B4B2-651EBC6B79C4}"
	ProjectSection(SolutionItems) = preProject
		07.ReadMe = 07.ReadMe
	EndProjectSection
EndProject
Project("{2150E333-8FDC-42A3-9474-1A3956D46DE8}") = "06.Documents", "06.Documents", "{A5242B2E-5648-4111-B763-4283D3AC80A3}"
	ProjectSection(SolutionItems) = preProject
		06.ReadMe = 06.ReadMe
	EndProjectSection
EndProject
Project("{FAE04EC0-301F-11D3-BF4B-00C04F79EFBC}") = "Qct.Persistance", "Qct.Persistance\Qct.Persistance.csproj", "{00A6EFFE-3536-4290-9A95-E3C3135ABBDF}"
EndProject
Project("{FAE04EC0-301F-11D3-BF4B-00C04F79EFBC}") = "Qct.Infrastructure", "Qct.Infrastructure\Qct.Infrastructure.csproj", "{F71B0FBA-864B-49D8-ACEB-CCFE9D9E961E}"
EndProject
Project("{2150E333-8FDC-42A3-9474-1A3956D46DE8}") = "03.Application", "03.Application", "{27E80C35-9394-463F-82F3-4B9FD5B36757}"
	ProjectSection(SolutionItems) = preProject
		03.ReadMe = 03.ReadMe
	EndProjectSection
EndProject
Project("{FAE04EC0-301F-11D3-BF4B-00C04F79EFBC}") = "Qct.Infrastructure.Net", "Qct.Infrastructure.Net\Qct.Infrastructure.Net.csproj", "{CBC291C0-6F2B-45BD-A97A-F83B06E70713}"
EndProject
Project("{FAE04EC0-301F-11D3-BF4B-00C04F79EFBC}") = "Qct.Infrastructure.Data", "Qct.Infrastructure.Data\Qct.Infrastructure.Data.csproj", "{A6FB22DC-DEB0-4A1D-A614-8D38F7D1E2A7}"
EndProject
Project("{FAE04EC0-301F-11D3-BF4B-00C04F79EFBC}") = "Qct.Infrastructure.Data.EntityFramework", "Qct.Infrastructure.Data.EntityFramework\Qct.Infrastructure.Data.EntityFramework.csproj", "{9B13A1E8-117D-4610-9E47-8DDDB2B79B8C}"
EndProject
Project("{FAE04EC0-301F-11D3-BF4B-00C04F79EFBC}") = "Qct.Infrastructure.Printer", "Qct.Infrastructure.Printer\Qct.Infrastructure.Printer.csproj", "{CA81F704-BB55-4A06-8AB6-7C2A506F18A7}"
EndProject
Project("{FAE04EC0-301F-11D3-BF4B-00C04F79EFBC}") = "Qct.Infrastructure.Net.SocketClient", "Qct.Infrastructure.Net.SocketClient\Qct.Infrastructure.Net.SocketClient.csproj", "{6C3DE22C-6EE7-4B3E-A927-8B1D2029D633}"
EndProject
Project("{FAE04EC0-301F-11D3-BF4B-00C04F79EFBC}") = "Qct.Infrastructure.Net.SocketServer", "Qct.Infrastructure.Net.SocketServer\Qct.Infrastructure.Net.SocketServer.csproj", "{087E427D-A719-4CCC-9CB3-9E1D2AD154BD}"
EndProject
Project("{FAE04EC0-301F-11D3-BF4B-00C04F79EFBC}") = "Qct.Infrastructure.MessageClient", "Qct.Infrastructure.MessageQueue\Qct.Infrastructure.MessageClient.csproj", "{CB49AAC5-EED6-4C38-A12D-08DB73E1AA9D}"
EndProject
Project("{FAE04EC0-301F-11D3-BF4B-00C04F79EFBC}") = "Qct.Persistance.Pos", "Qct.Persistance.Pos\Qct.Persistance.Pos.csproj", "{3400EA8F-B575-486C-9489-8062D704B942}"
EndProject
Project("{FAE04EC0-301F-11D3-BF4B-00C04F79EFBC}") = "Qct.Infrastructure.MessageServer", "Qct.Infrastructure.MessageQueueServer\Qct.Infrastructure.MessageServer.csproj", "{307958D7-7812-45A6-8BE9-BA25D90A9970}"
EndProject
Project("{F088123C-0E9E-452A-89E6-6BA2F21D5CAC}") = "Qct.Design", "Qct.Design\Qct.Design.modelproj", "{E16BC84E-4616-4942-81D7-E71CEAB4963D}"
EndProject
Project("{FAE04EC0-301F-11D3-BF4B-00C04F79EFBC}") = "Qct.Objects", "Qct.Objects\Qct.Objects.csproj", "{9C68D23A-90DD-4544-A2AC-656B6B102455}"
EndProject
Project("{FAE04EC0-301F-11D3-BF4B-00C04F79EFBC}") = "Qct.IRepository", "Qct.IRepository\Qct.IRepository.csproj", "{A8AA1AF2-5573-4EEC-A524-DB0AEF58A306}"
EndProject
Project("{FAE04EC0-301F-11D3-BF4B-00C04F79EFBC}") = "Qct.ISevices", "Qct.ISevices\Qct.ISevices.csproj", "{142DE79F-2928-47E8-84FF-A028B4FFB209}"
EndProject
Project("{FAE04EC0-301F-11D3-BF4B-00C04F79EFBC}") = "Qct.Repository.Pos", "Qct.Repository.Pos\Qct.Repository.Pos.csproj", "{56E9C69C-9139-4F01-A20A-0A422B84DE2C}"
EndProject
Project("{FAE04EC0-301F-11D3-BF4B-00C04F79EFBC}") = "Qct.Repository", "Qct.Repository\Qct.Repository.csproj", "{39C66C08-99AE-46E9-BF4F-57E81B567EFA}"
EndProject
Project("{FAE04EC0-301F-11D3-BF4B-00C04F79EFBC}") = "Qct.Services", "Qct.Services\Qct.Services.csproj", "{E7AF1540-2B39-4546-B2F8-55AA61F2E0E3}"
EndProject
Project("{FAE04EC0-301F-11D3-BF4B-00C04F79EFBC}") = "Qct.Services.Pos", "Qct.Services.Pos\Qct.Services.Pos.csproj", "{97BBD04B-1F09-4FBA-8329-55B2950E0A7E}"
EndProject
Project("{FAE04EC0-301F-11D3-BF4B-00C04F79EFBC}") = "Qct.Infrastructure.Log", "Qct.Infrastructure.Log\Qct.Infrastructure.Log.csproj", "{789CD781-0994-4622-A1AE-2D2015045E5C}"
EndProject
Project("{FAE04EC0-301F-11D3-BF4B-00C04F79EFBC}") = "Qct.POS.Retailing", "Qct.POS.Retailing\Qct.POS.Retailing.csproj", "{CB573948-1C09-4A7A-9F01-6B7C0BE8D7A1}"
EndProject
Project("{FAE04EC0-301F-11D3-BF4B-00C04F79EFBC}") = "Qct.ERP.WindowService.Retailing", "Qct.ERP.WindowService.Retailing\Qct.ERP.WindowService.Retailing.csproj", "{DA9CEE27-FA41-49AB-86F1-A554B8E6B291}"
EndProject
Project("{FAE04EC0-301F-11D3-BF4B-00C04F79EFBC}") = "Qct.ERP.ApplicationService", "Qct.ERP.ApplicationService\Qct.ERP.ApplicationService.csproj", "{0E826098-7EE3-44D1-8C31-E48DD45ECB23}"
EndProject
Project("{FAE04EC0-301F-11D3-BF4B-00C04F79EFBC}") = "QCT.Objects.Test", "QCT.Objects.Test\QCT.Objects.Test.csproj", "{0AE0D918-777D-41D1-AC32-6BCBD8C988CE}"
EndProject
Project("{FAE04EC0-301F-11D3-BF4B-00C04F79EFBC}") = "Qct.Infrastructure.Cache", "Qct.Infrastructure.Cache\Qct.Infrastructure.Cache.csproj", "{0FBF6033-9ABC-4CBC-AE2B-2C0C864966CA}"
EndProject
Project("{FAE04EC0-301F-11D3-BF4B-00C04F79EFBC}") = "Qct.Infrastructure.Web", "Qct.Infrastructure.Web\Qct.Infrastructure.Web.csproj", "{1AAD215D-F24F-44EF-8D74-80F629AEA9A4}"
EndProject
Project("{FAE04EC0-301F-11D3-BF4B-00C04F79EFBC}") = "Qct.ERP.Retailing", "Qct.ERP.Retailing\Qct.ERP.Retailing.csproj", "{AAD5E94B-9D17-4301-8F5A-99BB72C472C1}"
EndProject
Project("{FAE04EC0-301F-11D3-BF4B-00C04F79EFBC}") = "Qct.ERPMoblie.Api.Retailing", "Qct.ERPMoblie.Api.Retailing\Qct.ERPMoblie.Api.Retailing.csproj", "{1032037D-D236-481F-90FD-7A1D87FA203A}"
EndProject
Project("{FAE04EC0-301F-11D3-BF4B-00C04F79EFBC}") = "Qct.Infrastructure.DI", "Qct.Infrastructure.DI\Qct.Infrastructure.DI.csproj", "{BBC5A869-9214-41BB-A796-965F4A4A9016}"
EndProject
Project("{FAE04EC0-301F-11D3-BF4B-00C04F79EFBC}") = "Qct.POS.Api.Retailing", "Qct.POS.Api.Retailing\Qct.POS.Api.Retailing.csproj", "{D7246DDD-DFD5-4ABD-B1EC-31D9AEB02F5E}"
EndProject
Project("{FAE04EC0-301F-11D3-BF4B-00C04F79EFBC}") = "Qct.Infrastructure.DI.WebMVC", "Qct.Infrastructure.DI.WebMVC\Qct.Infrastructure.DI.WebMVC.csproj", "{FE59DE54-3720-42DB-839E-4FD1093BC443}"
EndProject
Project("{FAE04EC0-301F-11D3-BF4B-00C04F79EFBC}") = "Qct.Infrastructure.DI.WebAPI", "Qct.Infrastructure.DI.WebAPI\Qct.Infrastructure.DI.WebAPI.csproj", "{C635454C-3245-4A87-8FB7-1B36F3E4A3B7}"
EndProject
Project("{FAE04EC0-301F-11D3-BF4B-00C04F79EFBC}") = "Qct.POS.Test", "Qct.POS.Test\Qct.POS.Test.csproj", "{4E9DD8C7-D91A-48B0-B555-C3F3FED73A1C}"
EndProject
Project("{FAE04EC0-301F-11D3-BF4B-00C04F79EFBC}") = "Qct.Erp.Test", "Qct.Erp.Test\Qct.Erp.Test.csproj", "{AF7B0CEA-1811-47C6-8F18-ADC142C3DACC}"
EndProject
Project("{FAE04EC0-301F-11D3-BF4B-00C04F79EFBC}") = "Qct.Infrastructure.Export", "Qct.Infrastructure.Export\Qct.Infrastructure.Export.csproj", "{2220B6D7-0BB6-441C-8E75-F1CF657CCA16}"
EndProject
Global
	GlobalSection(SolutionConfigurationPlatforms) = preSolution
		AppVeyor|Any CPU = AppVeyor|Any CPU
		Debug|Any CPU = Debug|Any CPU
		Release|Any CPU = Release|Any CPU
	EndGlobalSection
	GlobalSection(ProjectConfigurationPlatforms) = postSolution
		{00A6EFFE-3536-4290-9A95-E3C3135ABBDF}.AppVeyor|Any CPU.ActiveCfg = Release|Any CPU
		{00A6EFFE-3536-4290-9A95-E3C3135ABBDF}.AppVeyor|Any CPU.Build.0 = Release|Any CPU
		{00A6EFFE-3536-4290-9A95-E3C3135ABBDF}.Debug|Any CPU.ActiveCfg = Debug|Any CPU
		{00A6EFFE-3536-4290-9A95-E3C3135ABBDF}.Debug|Any CPU.Build.0 = Debug|Any CPU
		{00A6EFFE-3536-4290-9A95-E3C3135ABBDF}.Release|Any CPU.ActiveCfg = Release|Any CPU
		{00A6EFFE-3536-4290-9A95-E3C3135ABBDF}.Release|Any CPU.Build.0 = Release|Any CPU
		{F71B0FBA-864B-49D8-ACEB-CCFE9D9E961E}.AppVeyor|Any CPU.ActiveCfg = Release|Any CPU
		{F71B0FBA-864B-49D8-ACEB-CCFE9D9E961E}.AppVeyor|Any CPU.Build.0 = Release|Any CPU
		{F71B0FBA-864B-49D8-ACEB-CCFE9D9E961E}.Debug|Any CPU.ActiveCfg = Debug|Any CPU
		{F71B0FBA-864B-49D8-ACEB-CCFE9D9E961E}.Debug|Any CPU.Build.0 = Debug|Any CPU
		{F71B0FBA-864B-49D8-ACEB-CCFE9D9E961E}.Release|Any CPU.ActiveCfg = Release|Any CPU
		{F71B0FBA-864B-49D8-ACEB-CCFE9D9E961E}.Release|Any CPU.Build.0 = Release|Any CPU
		{CBC291C0-6F2B-45BD-A97A-F83B06E70713}.AppVeyor|Any CPU.ActiveCfg = Release|Any CPU
		{CBC291C0-6F2B-45BD-A97A-F83B06E70713}.AppVeyor|Any CPU.Build.0 = Release|Any CPU
		{CBC291C0-6F2B-45BD-A97A-F83B06E70713}.Debug|Any CPU.ActiveCfg = Debug|Any CPU
		{CBC291C0-6F2B-45BD-A97A-F83B06E70713}.Debug|Any CPU.Build.0 = Debug|Any CPU
		{CBC291C0-6F2B-45BD-A97A-F83B06E70713}.Release|Any CPU.ActiveCfg = Release|Any CPU
		{CBC291C0-6F2B-45BD-A97A-F83B06E70713}.Release|Any CPU.Build.0 = Release|Any CPU
		{A6FB22DC-DEB0-4A1D-A614-8D38F7D1E2A7}.AppVeyor|Any CPU.ActiveCfg = Release|Any CPU
		{A6FB22DC-DEB0-4A1D-A614-8D38F7D1E2A7}.AppVeyor|Any CPU.Build.0 = Release|Any CPU
		{A6FB22DC-DEB0-4A1D-A614-8D38F7D1E2A7}.Debug|Any CPU.ActiveCfg = Debug|Any CPU
		{A6FB22DC-DEB0-4A1D-A614-8D38F7D1E2A7}.Debug|Any CPU.Build.0 = Debug|Any CPU
		{A6FB22DC-DEB0-4A1D-A614-8D38F7D1E2A7}.Release|Any CPU.ActiveCfg = Release|Any CPU
		{A6FB22DC-DEB0-4A1D-A614-8D38F7D1E2A7}.Release|Any CPU.Build.0 = Release|Any CPU
		{9B13A1E8-117D-4610-9E47-8DDDB2B79B8C}.AppVeyor|Any CPU.ActiveCfg = Release|Any CPU
		{9B13A1E8-117D-4610-9E47-8DDDB2B79B8C}.AppVeyor|Any CPU.Build.0 = Release|Any CPU
		{9B13A1E8-117D-4610-9E47-8DDDB2B79B8C}.Debug|Any CPU.ActiveCfg = Debug|Any CPU
		{9B13A1E8-117D-4610-9E47-8DDDB2B79B8C}.Debug|Any CPU.Build.0 = Debug|Any CPU
		{9B13A1E8-117D-4610-9E47-8DDDB2B79B8C}.Release|Any CPU.ActiveCfg = Release|Any CPU
		{9B13A1E8-117D-4610-9E47-8DDDB2B79B8C}.Release|Any CPU.Build.0 = Release|Any CPU
		{CA81F704-BB55-4A06-8AB6-7C2A506F18A7}.AppVeyor|Any CPU.ActiveCfg = Release|Any CPU
		{CA81F704-BB55-4A06-8AB6-7C2A506F18A7}.AppVeyor|Any CPU.Build.0 = Release|Any CPU
		{CA81F704-BB55-4A06-8AB6-7C2A506F18A7}.Debug|Any CPU.ActiveCfg = Debug|Any CPU
		{CA81F704-BB55-4A06-8AB6-7C2A506F18A7}.Debug|Any CPU.Build.0 = Debug|Any CPU
		{CA81F704-BB55-4A06-8AB6-7C2A506F18A7}.Release|Any CPU.ActiveCfg = Release|Any CPU
		{CA81F704-BB55-4A06-8AB6-7C2A506F18A7}.Release|Any CPU.Build.0 = Release|Any CPU
		{6C3DE22C-6EE7-4B3E-A927-8B1D2029D633}.AppVeyor|Any CPU.ActiveCfg = Release|Any CPU
		{6C3DE22C-6EE7-4B3E-A927-8B1D2029D633}.AppVeyor|Any CPU.Build.0 = Release|Any CPU
		{6C3DE22C-6EE7-4B3E-A927-8B1D2029D633}.Debug|Any CPU.ActiveCfg = Debug|Any CPU
		{6C3DE22C-6EE7-4B3E-A927-8B1D2029D633}.Debug|Any CPU.Build.0 = Debug|Any CPU
		{6C3DE22C-6EE7-4B3E-A927-8B1D2029D633}.Release|Any CPU.ActiveCfg = Release|Any CPU
		{6C3DE22C-6EE7-4B3E-A927-8B1D2029D633}.Release|Any CPU.Build.0 = Release|Any CPU
		{087E427D-A719-4CCC-9CB3-9E1D2AD154BD}.AppVeyor|Any CPU.ActiveCfg = Release|Any CPU
		{087E427D-A719-4CCC-9CB3-9E1D2AD154BD}.AppVeyor|Any CPU.Build.0 = Release|Any CPU
		{087E427D-A719-4CCC-9CB3-9E1D2AD154BD}.Debug|Any CPU.ActiveCfg = Debug|Any CPU
		{087E427D-A719-4CCC-9CB3-9E1D2AD154BD}.Debug|Any CPU.Build.0 = Debug|Any CPU
		{087E427D-A719-4CCC-9CB3-9E1D2AD154BD}.Release|Any CPU.ActiveCfg = Release|Any CPU
		{087E427D-A719-4CCC-9CB3-9E1D2AD154BD}.Release|Any CPU.Build.0 = Release|Any CPU
		{CB49AAC5-EED6-4C38-A12D-08DB73E1AA9D}.AppVeyor|Any CPU.ActiveCfg = Release|Any CPU
		{CB49AAC5-EED6-4C38-A12D-08DB73E1AA9D}.AppVeyor|Any CPU.Build.0 = Release|Any CPU
		{CB49AAC5-EED6-4C38-A12D-08DB73E1AA9D}.Debug|Any CPU.ActiveCfg = Debug|Any CPU
		{CB49AAC5-EED6-4C38-A12D-08DB73E1AA9D}.Debug|Any CPU.Build.0 = Debug|Any CPU
		{CB49AAC5-EED6-4C38-A12D-08DB73E1AA9D}.Release|Any CPU.ActiveCfg = Release|Any CPU
		{CB49AAC5-EED6-4C38-A12D-08DB73E1AA9D}.Release|Any CPU.Build.0 = Release|Any CPU
		{3400EA8F-B575-486C-9489-8062D704B942}.AppVeyor|Any CPU.ActiveCfg = Release|Any CPU
		{3400EA8F-B575-486C-9489-8062D704B942}.AppVeyor|Any CPU.Build.0 = Release|Any CPU
		{3400EA8F-B575-486C-9489-8062D704B942}.Debug|Any CPU.ActiveCfg = Debug|Any CPU
		{3400EA8F-B575-486C-9489-8062D704B942}.Debug|Any CPU.Build.0 = Debug|Any CPU
		{3400EA8F-B575-486C-9489-8062D704B942}.Release|Any CPU.ActiveCfg = Release|Any CPU
		{3400EA8F-B575-486C-9489-8062D704B942}.Release|Any CPU.Build.0 = Release|Any CPU
		{307958D7-7812-45A6-8BE9-BA25D90A9970}.AppVeyor|Any CPU.ActiveCfg = Release|Any CPU
		{307958D7-7812-45A6-8BE9-BA25D90A9970}.AppVeyor|Any CPU.Build.0 = Release|Any CPU
		{307958D7-7812-45A6-8BE9-BA25D90A9970}.Debug|Any CPU.ActiveCfg = Debug|Any CPU
		{307958D7-7812-45A6-8BE9-BA25D90A9970}.Debug|Any CPU.Build.0 = Debug|Any CPU
		{307958D7-7812-45A6-8BE9-BA25D90A9970}.Release|Any CPU.ActiveCfg = Release|Any CPU
		{307958D7-7812-45A6-8BE9-BA25D90A9970}.Release|Any CPU.Build.0 = Release|Any CPU
		{E16BC84E-4616-4942-81D7-E71CEAB4963D}.AppVeyor|Any CPU.ActiveCfg = Release|Any CPU
		{E16BC84E-4616-4942-81D7-E71CEAB4963D}.AppVeyor|Any CPU.Build.0 = Release|Any CPU
		{E16BC84E-4616-4942-81D7-E71CEAB4963D}.Debug|Any CPU.ActiveCfg = Debug|Any CPU
		{E16BC84E-4616-4942-81D7-E71CEAB4963D}.Debug|Any CPU.Build.0 = Debug|Any CPU
		{E16BC84E-4616-4942-81D7-E71CEAB4963D}.Release|Any CPU.ActiveCfg = Release|Any CPU
		{E16BC84E-4616-4942-81D7-E71CEAB4963D}.Release|Any CPU.Build.0 = Release|Any CPU
		{9C68D23A-90DD-4544-A2AC-656B6B102455}.AppVeyor|Any CPU.ActiveCfg = Release|Any CPU
		{9C68D23A-90DD-4544-A2AC-656B6B102455}.AppVeyor|Any CPU.Build.0 = Release|Any CPU
		{9C68D23A-90DD-4544-A2AC-656B6B102455}.Debug|Any CPU.ActiveCfg = Debug|Any CPU
		{9C68D23A-90DD-4544-A2AC-656B6B102455}.Debug|Any CPU.Build.0 = Debug|Any CPU
		{9C68D23A-90DD-4544-A2AC-656B6B102455}.Release|Any CPU.ActiveCfg = Release|Any CPU
		{9C68D23A-90DD-4544-A2AC-656B6B102455}.Release|Any CPU.Build.0 = Release|Any CPU
		{A8AA1AF2-5573-4EEC-A524-DB0AEF58A306}.AppVeyor|Any CPU.ActiveCfg = Release|Any CPU
		{A8AA1AF2-5573-4EEC-A524-DB0AEF58A306}.AppVeyor|Any CPU.Build.0 = Release|Any CPU
		{A8AA1AF2-5573-4EEC-A524-DB0AEF58A306}.Debug|Any CPU.ActiveCfg = Debug|Any CPU
		{A8AA1AF2-5573-4EEC-A524-DB0AEF58A306}.Debug|Any CPU.Build.0 = Debug|Any CPU
		{A8AA1AF2-5573-4EEC-A524-DB0AEF58A306}.Release|Any CPU.ActiveCfg = Release|Any CPU
		{A8AA1AF2-5573-4EEC-A524-DB0AEF58A306}.Release|Any CPU.Build.0 = Release|Any CPU
		{142DE79F-2928-47E8-84FF-A028B4FFB209}.AppVeyor|Any CPU.ActiveCfg = Release|Any CPU
		{142DE79F-2928-47E8-84FF-A028B4FFB209}.AppVeyor|Any CPU.Build.0 = Release|Any CPU
		{142DE79F-2928-47E8-84FF-A028B4FFB209}.Debug|Any CPU.ActiveCfg = Debug|Any CPU
		{142DE79F-2928-47E8-84FF-A028B4FFB209}.Debug|Any CPU.Build.0 = Debug|Any CPU
		{142DE79F-2928-47E8-84FF-A028B4FFB209}.Release|Any CPU.ActiveCfg = Release|Any CPU
		{142DE79F-2928-47E8-84FF-A028B4FFB209}.Release|Any CPU.Build.0 = Release|Any CPU
		{56E9C69C-9139-4F01-A20A-0A422B84DE2C}.AppVeyor|Any CPU.ActiveCfg = Release|Any CPU
		{56E9C69C-9139-4F01-A20A-0A422B84DE2C}.AppVeyor|Any CPU.Build.0 = Release|Any CPU
		{56E9C69C-9139-4F01-A20A-0A422B84DE2C}.Debug|Any CPU.ActiveCfg = Debug|Any CPU
		{56E9C69C-9139-4F01-A20A-0A422B84DE2C}.Debug|Any CPU.Build.0 = Debug|Any CPU
		{56E9C69C-9139-4F01-A20A-0A422B84DE2C}.Release|Any CPU.ActiveCfg = Release|Any CPU
		{56E9C69C-9139-4F01-A20A-0A422B84DE2C}.Release|Any CPU.Build.0 = Release|Any CPU
		{39C66C08-99AE-46E9-BF4F-57E81B567EFA}.AppVeyor|Any CPU.ActiveCfg = Release|Any CPU
		{39C66C08-99AE-46E9-BF4F-57E81B567EFA}.AppVeyor|Any CPU.Build.0 = Release|Any CPU
		{39C66C08-99AE-46E9-BF4F-57E81B567EFA}.Debug|Any CPU.ActiveCfg = Debug|Any CPU
		{39C66C08-99AE-46E9-BF4F-57E81B567EFA}.Debug|Any CPU.Build.0 = Debug|Any CPU
		{39C66C08-99AE-46E9-BF4F-57E81B567EFA}.Release|Any CPU.ActiveCfg = Release|Any CPU
		{39C66C08-99AE-46E9-BF4F-57E81B567EFA}.Release|Any CPU.Build.0 = Release|Any CPU
		{E7AF1540-2B39-4546-B2F8-55AA61F2E0E3}.AppVeyor|Any CPU.ActiveCfg = Release|Any CPU
		{E7AF1540-2B39-4546-B2F8-55AA61F2E0E3}.AppVeyor|Any CPU.Build.0 = Release|Any CPU
		{E7AF1540-2B39-4546-B2F8-55AA61F2E0E3}.Debug|Any CPU.ActiveCfg = Debug|Any CPU
		{E7AF1540-2B39-4546-B2F8-55AA61F2E0E3}.Debug|Any CPU.Build.0 = Debug|Any CPU
		{E7AF1540-2B39-4546-B2F8-55AA61F2E0E3}.Release|Any CPU.ActiveCfg = Release|Any CPU
		{E7AF1540-2B39-4546-B2F8-55AA61F2E0E3}.Release|Any CPU.Build.0 = Release|Any CPU
		{97BBD04B-1F09-4FBA-8329-55B2950E0A7E}.AppVeyor|Any CPU.ActiveCfg = Release|Any CPU
		{97BBD04B-1F09-4FBA-8329-55B2950E0A7E}.AppVeyor|Any CPU.Build.0 = Release|Any CPU
		{97BBD04B-1F09-4FBA-8329-55B2950E0A7E}.Debug|Any CPU.ActiveCfg = Debug|Any CPU
		{97BBD04B-1F09-4FBA-8329-55B2950E0A7E}.Debug|Any CPU.Build.0 = Debug|Any CPU
		{97BBD04B-1F09-4FBA-8329-55B2950E0A7E}.Release|Any CPU.ActiveCfg = Release|Any CPU
		{97BBD04B-1F09-4FBA-8329-55B2950E0A7E}.Release|Any CPU.Build.0 = Release|Any CPU
		{789CD781-0994-4622-A1AE-2D2015045E5C}.AppVeyor|Any CPU.ActiveCfg = Release|Any CPU
		{789CD781-0994-4622-A1AE-2D2015045E5C}.AppVeyor|Any CPU.Build.0 = Release|Any CPU
		{789CD781-0994-4622-A1AE-2D2015045E5C}.Debug|Any CPU.ActiveCfg = Debug|Any CPU
		{789CD781-0994-4622-A1AE-2D2015045E5C}.Debug|Any CPU.Build.0 = Debug|Any CPU
		{789CD781-0994-4622-A1AE-2D2015045E5C}.Release|Any CPU.ActiveCfg = Release|Any CPU
		{789CD781-0994-4622-A1AE-2D2015045E5C}.Release|Any CPU.Build.0 = Release|Any CPU
		{CB573948-1C09-4A7A-9F01-6B7C0BE8D7A1}.AppVeyor|Any CPU.ActiveCfg = Release|Any CPU
		{CB573948-1C09-4A7A-9F01-6B7C0BE8D7A1}.AppVeyor|Any CPU.Build.0 = Release|Any CPU
		{CB573948-1C09-4A7A-9F01-6B7C0BE8D7A1}.Debug|Any CPU.ActiveCfg = Debug|Any CPU
		{CB573948-1C09-4A7A-9F01-6B7C0BE8D7A1}.Debug|Any CPU.Build.0 = Debug|Any CPU
		{CB573948-1C09-4A7A-9F01-6B7C0BE8D7A1}.Release|Any CPU.ActiveCfg = Release|Any CPU
		{CB573948-1C09-4A7A-9F01-6B7C0BE8D7A1}.Release|Any CPU.Build.0 = Release|Any CPU
		{DA9CEE27-FA41-49AB-86F1-A554B8E6B291}.AppVeyor|Any CPU.ActiveCfg = Release|Any CPU
		{DA9CEE27-FA41-49AB-86F1-A554B8E6B291}.AppVeyor|Any CPU.Build.0 = Release|Any CPU
		{DA9CEE27-FA41-49AB-86F1-A554B8E6B291}.Debug|Any CPU.ActiveCfg = Debug|Any CPU
		{DA9CEE27-FA41-49AB-86F1-A554B8E6B291}.Debug|Any CPU.Build.0 = Debug|Any CPU
		{DA9CEE27-FA41-49AB-86F1-A554B8E6B291}.Release|Any CPU.ActiveCfg = Release|Any CPU
		{DA9CEE27-FA41-49AB-86F1-A554B8E6B291}.Release|Any CPU.Build.0 = Release|Any CPU
		{0E826098-7EE3-44D1-8C31-E48DD45ECB23}.AppVeyor|Any CPU.ActiveCfg = Release|Any CPU
		{0E826098-7EE3-44D1-8C31-E48DD45ECB23}.AppVeyor|Any CPU.Build.0 = Release|Any CPU
		{0E826098-7EE3-44D1-8C31-E48DD45ECB23}.Debug|Any CPU.ActiveCfg = Debug|Any CPU
		{0E826098-7EE3-44D1-8C31-E48DD45ECB23}.Debug|Any CPU.Build.0 = Debug|Any CPU
		{0E826098-7EE3-44D1-8C31-E48DD45ECB23}.Release|Any CPU.ActiveCfg = Release|Any CPU
		{0E826098-7EE3-44D1-8C31-E48DD45ECB23}.Release|Any CPU.Build.0 = Release|Any CPU
		{0AE0D918-777D-41D1-AC32-6BCBD8C988CE}.AppVeyor|Any CPU.ActiveCfg = Release|Any CPU
		{0AE0D918-777D-41D1-AC32-6BCBD8C988CE}.AppVeyor|Any CPU.Build.0 = Release|Any CPU
		{0AE0D918-777D-41D1-AC32-6BCBD8C988CE}.Debug|Any CPU.ActiveCfg = Debug|Any CPU
		{0AE0D918-777D-41D1-AC32-6BCBD8C988CE}.Debug|Any CPU.Build.0 = Debug|Any CPU
		{0AE0D918-777D-41D1-AC32-6BCBD8C988CE}.Release|Any CPU.ActiveCfg = Release|Any CPU
		{0AE0D918-777D-41D1-AC32-6BCBD8C988CE}.Release|Any CPU.Build.0 = Release|Any CPU
		{0FBF6033-9ABC-4CBC-AE2B-2C0C864966CA}.AppVeyor|Any CPU.ActiveCfg = Release|Any CPU
		{0FBF6033-9ABC-4CBC-AE2B-2C0C864966CA}.AppVeyor|Any CPU.Build.0 = Release|Any CPU
		{0FBF6033-9ABC-4CBC-AE2B-2C0C864966CA}.Debug|Any CPU.ActiveCfg = Debug|Any CPU
		{0FBF6033-9ABC-4CBC-AE2B-2C0C864966CA}.Debug|Any CPU.Build.0 = Debug|Any CPU
		{0FBF6033-9ABC-4CBC-AE2B-2C0C864966CA}.Release|Any CPU.ActiveCfg = Release|Any CPU
		{0FBF6033-9ABC-4CBC-AE2B-2C0C864966CA}.Release|Any CPU.Build.0 = Release|Any CPU
		{1AAD215D-F24F-44EF-8D74-80F629AEA9A4}.AppVeyor|Any CPU.ActiveCfg = Release|Any CPU
		{1AAD215D-F24F-44EF-8D74-80F629AEA9A4}.AppVeyor|Any CPU.Build.0 = Release|Any CPU
		{1AAD215D-F24F-44EF-8D74-80F629AEA9A4}.Debug|Any CPU.ActiveCfg = Debug|Any CPU
		{1AAD215D-F24F-44EF-8D74-80F629AEA9A4}.Debug|Any CPU.Build.0 = Debug|Any CPU
		{1AAD215D-F24F-44EF-8D74-80F629AEA9A4}.Release|Any CPU.ActiveCfg = Release|Any CPU
		{1AAD215D-F24F-44EF-8D74-80F629AEA9A4}.Release|Any CPU.Build.0 = Release|Any CPU
		{AAD5E94B-9D17-4301-8F5A-99BB72C472C1}.AppVeyor|Any CPU.ActiveCfg = Release|Any CPU
		{AAD5E94B-9D17-4301-8F5A-99BB72C472C1}.AppVeyor|Any CPU.Build.0 = Release|Any CPU
		{AAD5E94B-9D17-4301-8F5A-99BB72C472C1}.Debug|Any CPU.ActiveCfg = Debug|Any CPU
		{AAD5E94B-9D17-4301-8F5A-99BB72C472C1}.Debug|Any CPU.Build.0 = Debug|Any CPU
		{AAD5E94B-9D17-4301-8F5A-99BB72C472C1}.Release|Any CPU.ActiveCfg = Release|Any CPU
		{AAD5E94B-9D17-4301-8F5A-99BB72C472C1}.Release|Any CPU.Build.0 = Release|Any CPU
		{1032037D-D236-481F-90FD-7A1D87FA203A}.AppVeyor|Any CPU.ActiveCfg = Release|Any CPU
		{1032037D-D236-481F-90FD-7A1D87FA203A}.AppVeyor|Any CPU.Build.0 = Release|Any CPU
		{1032037D-D236-481F-90FD-7A1D87FA203A}.Debug|Any CPU.ActiveCfg = Debug|Any CPU
		{1032037D-D236-481F-90FD-7A1D87FA203A}.Debug|Any CPU.Build.0 = Debug|Any CPU
		{1032037D-D236-481F-90FD-7A1D87FA203A}.Release|Any CPU.ActiveCfg = Release|Any CPU
		{1032037D-D236-481F-90FD-7A1D87FA203A}.Release|Any CPU.Build.0 = Release|Any CPU
		{BBC5A869-9214-41BB-A796-965F4A4A9016}.AppVeyor|Any CPU.ActiveCfg = Release|Any CPU
		{BBC5A869-9214-41BB-A796-965F4A4A9016}.AppVeyor|Any CPU.Build.0 = Release|Any CPU
		{BBC5A869-9214-41BB-A796-965F4A4A9016}.Debug|Any CPU.ActiveCfg = Debug|Any CPU
		{BBC5A869-9214-41BB-A796-965F4A4A9016}.Debug|Any CPU.Build.0 = Debug|Any CPU
		{BBC5A869-9214-41BB-A796-965F4A4A9016}.Release|Any CPU.ActiveCfg = Release|Any CPU
		{BBC5A869-9214-41BB-A796-965F4A4A9016}.Release|Any CPU.Build.0 = Release|Any CPU
		{D7246DDD-DFD5-4ABD-B1EC-31D9AEB02F5E}.AppVeyor|Any CPU.ActiveCfg = Release|Any CPU
		{D7246DDD-DFD5-4ABD-B1EC-31D9AEB02F5E}.AppVeyor|Any CPU.Build.0 = Release|Any CPU
		{D7246DDD-DFD5-4ABD-B1EC-31D9AEB02F5E}.Debug|Any CPU.ActiveCfg = Debug|Any CPU
		{D7246DDD-DFD5-4ABD-B1EC-31D9AEB02F5E}.Debug|Any CPU.Build.0 = Debug|Any CPU
		{D7246DDD-DFD5-4ABD-B1EC-31D9AEB02F5E}.Release|Any CPU.ActiveCfg = Release|Any CPU
		{D7246DDD-DFD5-4ABD-B1EC-31D9AEB02F5E}.Release|Any CPU.Build.0 = Release|Any CPU
		{FE59DE54-3720-42DB-839E-4FD1093BC443}.AppVeyor|Any CPU.ActiveCfg = Release|Any CPU
		{FE59DE54-3720-42DB-839E-4FD1093BC443}.AppVeyor|Any CPU.Build.0 = Release|Any CPU
		{FE59DE54-3720-42DB-839E-4FD1093BC443}.Debug|Any CPU.ActiveCfg = Debug|Any CPU
		{FE59DE54-3720-42DB-839E-4FD1093BC443}.Debug|Any CPU.Build.0 = Debug|Any CPU
		{FE59DE54-3720-42DB-839E-4FD1093BC443}.Release|Any CPU.ActiveCfg = Release|Any CPU
		{FE59DE54-3720-42DB-839E-4FD1093BC443}.Release|Any CPU.Build.0 = Release|Any CPU
		{C635454C-3245-4A87-8FB7-1B36F3E4A3B7}.AppVeyor|Any CPU.ActiveCfg = Release|Any CPU
		{C635454C-3245-4A87-8FB7-1B36F3E4A3B7}.AppVeyor|Any CPU.Build.0 = Release|Any CPU
		{C635454C-3245-4A87-8FB7-1B36F3E4A3B7}.Debug|Any CPU.ActiveCfg = Debug|Any CPU
		{C635454C-3245-4A87-8FB7-1B36F3E4A3B7}.Debug|Any CPU.Build.0 = Debug|Any CPU
		{C635454C-3245-4A87-8FB7-1B36F3E4A3B7}.Release|Any CPU.ActiveCfg = Release|Any CPU
		{C635454C-3245-4A87-8FB7-1B36F3E4A3B7}.Release|Any CPU.Build.0 = Release|Any CPU
		{4E9DD8C7-D91A-48B0-B555-C3F3FED73A1C}.AppVeyor|Any CPU.ActiveCfg = Release|Any CPU
		{4E9DD8C7-D91A-48B0-B555-C3F3FED73A1C}.AppVeyor|Any CPU.Build.0 = Release|Any CPU
		{4E9DD8C7-D91A-48B0-B555-C3F3FED73A1C}.Debug|Any CPU.ActiveCfg = Debug|Any CPU
		{4E9DD8C7-D91A-48B0-B555-C3F3FED73A1C}.Debug|Any CPU.Build.0 = Debug|Any CPU
		{4E9DD8C7-D91A-48B0-B555-C3F3FED73A1C}.Release|Any CPU.ActiveCfg = Release|Any CPU
		{4E9DD8C7-D91A-48B0-B555-C3F3FED73A1C}.Release|Any CPU.Build.0 = Release|Any CPU
		{AF7B0CEA-1811-47C6-8F18-ADC142C3DACC}.AppVeyor|Any CPU.ActiveCfg = Release|Any CPU
		{AF7B0CEA-1811-47C6-8F18-ADC142C3DACC}.AppVeyor|Any CPU.Build.0 = Release|Any CPU
		{AF7B0CEA-1811-47C6-8F18-ADC142C3DACC}.Debug|Any CPU.ActiveCfg = Debug|Any CPU
		{AF7B0CEA-1811-47C6-8F18-ADC142C3DACC}.Debug|Any CPU.Build.0 = Debug|Any CPU
		{AF7B0CEA-1811-47C6-8F18-ADC142C3DACC}.Release|Any CPU.ActiveCfg = Release|Any CPU
		{AF7B0CEA-1811-47C6-8F18-ADC142C3DACC}.Release|Any CPU.Build.0 = Release|Any CPU
		{2220B6D7-0BB6-441C-8E75-F1CF657CCA16}.AppVeyor|Any CPU.ActiveCfg = Release|Any CPU
		{2220B6D7-0BB6-441C-8E75-F1CF657CCA16}.AppVeyor|Any CPU.Build.0 = Release|Any CPU
		{2220B6D7-0BB6-441C-8E75-F1CF657CCA16}.Debug|Any CPU.ActiveCfg = Debug|Any CPU
		{2220B6D7-0BB6-441C-8E75-F1CF657CCA16}.Debug|Any CPU.Build.0 = Debug|Any CPU
		{2220B6D7-0BB6-441C-8E75-F1CF657CCA16}.Release|Any CPU.ActiveCfg = Release|Any CPU
		{2220B6D7-0BB6-441C-8E75-F1CF657CCA16}.Release|Any CPU.Build.0 = Release|Any CPU
	EndGlobalSection
	GlobalSection(SolutionProperties) = preSolution
		HideSolutionNode = FALSE
	EndGlobalSection
	GlobalSection(NestedProjects) = preSolution
		{00A6EFFE-3536-4290-9A95-E3C3135ABBDF} = {689385D3-D492-40A3-BF49-FAC3BC0476D5}
		{F71B0FBA-864B-49D8-ACEB-CCFE9D9E961E} = {FDB0899D-777A-4BF6-BF93-CD1B594F42BF}
		{CBC291C0-6F2B-45BD-A97A-F83B06E70713} = {FDB0899D-777A-4BF6-BF93-CD1B594F42BF}
		{A6FB22DC-DEB0-4A1D-A614-8D38F7D1E2A7} = {FDB0899D-777A-4BF6-BF93-CD1B594F42BF}
		{9B13A1E8-117D-4610-9E47-8DDDB2B79B8C} = {FDB0899D-777A-4BF6-BF93-CD1B594F42BF}
		{CA81F704-BB55-4A06-8AB6-7C2A506F18A7} = {FDB0899D-777A-4BF6-BF93-CD1B594F42BF}
		{6C3DE22C-6EE7-4B3E-A927-8B1D2029D633} = {FDB0899D-777A-4BF6-BF93-CD1B594F42BF}
		{087E427D-A719-4CCC-9CB3-9E1D2AD154BD} = {FDB0899D-777A-4BF6-BF93-CD1B594F42BF}
		{CB49AAC5-EED6-4C38-A12D-08DB73E1AA9D} = {FDB0899D-777A-4BF6-BF93-CD1B594F42BF}
		{3400EA8F-B575-486C-9489-8062D704B942} = {689385D3-D492-40A3-BF49-FAC3BC0476D5}
		{307958D7-7812-45A6-8BE9-BA25D90A9970} = {FDB0899D-777A-4BF6-BF93-CD1B594F42BF}
		{E16BC84E-4616-4942-81D7-E71CEAB4963D} = {A5242B2E-5648-4111-B763-4283D3AC80A3}
		{9C68D23A-90DD-4544-A2AC-656B6B102455} = {689385D3-D492-40A3-BF49-FAC3BC0476D5}
		{A8AA1AF2-5573-4EEC-A524-DB0AEF58A306} = {689385D3-D492-40A3-BF49-FAC3BC0476D5}
		{142DE79F-2928-47E8-84FF-A028B4FFB209} = {689385D3-D492-40A3-BF49-FAC3BC0476D5}
		{56E9C69C-9139-4F01-A20A-0A422B84DE2C} = {689385D3-D492-40A3-BF49-FAC3BC0476D5}
		{39C66C08-99AE-46E9-BF4F-57E81B567EFA} = {689385D3-D492-40A3-BF49-FAC3BC0476D5}
		{E7AF1540-2B39-4546-B2F8-55AA61F2E0E3} = {689385D3-D492-40A3-BF49-FAC3BC0476D5}
		{97BBD04B-1F09-4FBA-8329-55B2950E0A7E} = {689385D3-D492-40A3-BF49-FAC3BC0476D5}
		{789CD781-0994-4622-A1AE-2D2015045E5C} = {FDB0899D-777A-4BF6-BF93-CD1B594F42BF}
		{CB573948-1C09-4A7A-9F01-6B7C0BE8D7A1} = {0FD03943-7BE1-458A-952D-231BE332C446}
		{DA9CEE27-FA41-49AB-86F1-A554B8E6B291} = {ED93A27B-039E-4803-B7FF-47C81007D126}
		{0E826098-7EE3-44D1-8C31-E48DD45ECB23} = {27E80C35-9394-463F-82F3-4B9FD5B36757}
		{0AE0D918-777D-41D1-AC32-6BCBD8C988CE} = {DAB99472-4C88-4D92-B4B2-651EBC6B79C4}
		{0FBF6033-9ABC-4CBC-AE2B-2C0C864966CA} = {FDB0899D-777A-4BF6-BF93-CD1B594F42BF}
		{1AAD215D-F24F-44EF-8D74-80F629AEA9A4} = {FDB0899D-777A-4BF6-BF93-CD1B594F42BF}
		{AAD5E94B-9D17-4301-8F5A-99BB72C472C1} = {0FD03943-7BE1-458A-952D-231BE332C446}
		{1032037D-D236-481F-90FD-7A1D87FA203A} = {ED93A27B-039E-4803-B7FF-47C81007D126}
		{BBC5A869-9214-41BB-A796-965F4A4A9016} = {FDB0899D-777A-4BF6-BF93-CD1B594F42BF}
		{D7246DDD-DFD5-4ABD-B1EC-31D9AEB02F5E} = {ED93A27B-039E-4803-B7FF-47C81007D126}
		{FE59DE54-3720-42DB-839E-4FD1093BC443} = {FDB0899D-777A-4BF6-BF93-CD1B594F42BF}
		{C635454C-3245-4A87-8FB7-1B36F3E4A3B7} = {FDB0899D-777A-4BF6-BF93-CD1B594F42BF}
		{4E9DD8C7-D91A-48B0-B555-C3F3FED73A1C} = {DAB99472-4C88-4D92-B4B2-651EBC6B79C4}
		{AF7B0CEA-1811-47C6-8F18-ADC142C3DACC} = {DAB99472-4C88-4D92-B4B2-651EBC6B79C4}
		{2220B6D7-0BB6-441C-8E75-F1CF657CCA16} = {FDB0899D-777A-4BF6-BF93-CD1B594F42BF}
	EndGlobalSection
EndGlobal
